{
  "name": "extreme_weather",
  "lockfileVersion": 3,
  "requires": true,
  "packages": {
    "": {
      "dependencies": {
        "image-map-resizer": "^1.0.10"
      }
    },
    "node_modules/image-map-resizer": {
      "version": "1.0.10",
      "resolved": "https://registry.npmjs.org/image-map-resizer/-/image-map-resizer-1.0.10.tgz",
      "integrity": "sha512-e1dhQAIqBx1MUrUpwXfM4TGtVt1Q/YRnJAUxLPDnNG9TOIVf57TCP5PrDzvoy085ZdxZGxdDCSiaWyQfOPTdpA==",
      "engines": {
        "node": ">=0.8.0"
      }
    }
  }
}
